
Microsoft Visual Studio Solution File, Format Version 12.00
Project("{FAE04EC0-301F-11D3-BF4B-00C04F79EFBC}") = "IMT_Planner_Core", "IMT_Planner_Core\IMT_Planner_Core.csproj", "{80BB3564-383B-4469-AD6C-485F149EFAC4}"
EndProject
Project("{FAE04EC0-301F-11D3-BF4B-00C04F79EFBC}") = "IMT_Planner_Model", "IMT_Planner_Model\IMT_Planner_Model.csproj", "{C6728AA3-79E0-468D-AF1C-8EBE35C48646}"
EndProject
Project("{FAE04EC0-301F-11D3-BF4B-00C04F79EFBC}") = "IMT_Planner_DAL", "IMT_Planner_DAL\IMT_Planner_DAL.csproj", "{EA24EFBB-DA8A-4978-BE7D-47B352460697}"
EndProject
Global
	GlobalSection(SolutionConfigurationPlatforms) = preSolution
		Debug|Any CPU = Debug|Any CPU
		Release|Any CPU = Release|Any CPU
	EndGlobalSection
	GlobalSection(ProjectConfigurationPlatforms) = postSolution
		{80BB3564-383B-4469-AD6C-485F149EFAC4}.Debug|Any CPU.ActiveCfg = Debug|Any CPU
		{80BB3564-383B-4469-AD6C-485F149EFAC4}.Debug|Any CPU.Build.0 = Debug|Any CPU
		{80BB3564-383B-4469-AD6C-485F149EFAC4}.Release|Any CPU.ActiveCfg = Release|Any CPU
		{80BB3564-383B-4469-AD6C-485F149EFAC4}.Release|Any CPU.Build.0 = Release|Any CPU
		{C6728AA3-79E0-468D-AF1C-8EBE35C48646}.Debug|Any CPU.ActiveCfg = Debug|Any CPU
		{C6728AA3-79E0-468D-AF1C-8EBE35C48646}.Debug|Any CPU.Build.0 = Debug|Any CPU
		{C6728AA3-79E0-468D-AF1C-8EBE35C48646}.Release|Any CPU.ActiveCfg = Release|Any CPU
		{C6728AA3-79E0-468D-AF1C-8EBE35C48646}.Release|Any CPU.Build.0 = Release|Any CPU
		{EA24EFBB-DA8A-4978-BE7D-47B352460697}.Debug|Any CPU.ActiveCfg = Debug|Any CPU
		{EA24EFBB-DA8A-4978-BE7D-47B352460697}.Debug|Any CPU.Build.0 = Debug|Any CPU
		{EA24EFBB-DA8A-4978-BE7D-47B352460697}.Release|Any CPU.ActiveCfg = Release|Any CPU
		{EA24EFBB-DA8A-4978-BE7D-47B352460697}.Release|Any CPU.Build.0 = Release|Any CPU
	EndGlobalSection
EndGlobal
